
Microsoft Visual Studio Solution File, Format Version 12.00
# Visual Studio Version 16
VisualStudioVersion = 16.0.31424.327
MinimumVisualStudioVersion = 10.0.40219.1
Project("{FAE04EC0-301F-11D3-BF4B-00C04F79EFBC}") = "calculator", "calculator\calculator.csproj", "{E484BC25-127A-493C-A942-C224C8A8F8D3}"
EndProject
Global
	GlobalSection(SolutionConfigurationPlatforms) = preSolution
		Debug|Any CPU = Debug|Any CPU
		Release|Any CPU = Release|Any CPU
	EndGlobalSection
	GlobalSection(ProjectConfigurationPlatforms) = postSolution
		{E484BC25-127A-493C-A942-C224C8A8F8D3}.Debug|Any CPU.ActiveCfg = Debug|Any CPU
		{E484BC25-127A-493C-A942-C224C8A8F8D3}.Debug|Any CPU.Build.0 = Debug|Any CPU
		{E484BC25-127A-493C-A942-C224C8A8F8D3}.Release|Any CPU.ActiveCfg = Release|Any CPU
		{E484BC25-127A-493C-A942-C224C8A8F8D3}.Release|Any CPU.Build.0 = Release|Any CPU
	EndGlobalSection
	GlobalSection(SolutionProperties) = preSolution
		HideSolutionNode = FALSE
	EndGlobalSection
	GlobalSection(ExtensibilityGlobals) = postSolution
		SolutionGuid = {151AE462-D1E7-4A46-8411-63757E77F31F}
	EndGlobalSection
EndGlobal
